
Microsoft Visual Studio Solution File, Format Version 12.00
# Visual Studio Version 17
VisualStudioVersion = 17.14.36202.13 d17.14
MinimumVisualStudioVersion = 10.0.40219.1
Project("{FAE04EC0-301F-11D3-BF4B-00C04F79EFBC}") = "5.InvoiceApp.EFCore", "5.InvoiceApp.EFCore.csproj", "{75D826F3-6D2B-489D-8621-174F469A30BC}"
EndProject
Global
	GlobalSection(SolutionConfigurationPlatforms) = preSolution
		Debug|Any CPU = Debug|Any CPU
		Release|Any CPU = Release|Any CPU
	EndGlobalSection
	GlobalSection(ProjectConfigurationPlatforms) = postSolution
		{75D826F3-6D2B-489D-8621-174F469A30BC}.Debug|Any CPU.ActiveCfg = Debug|Any CPU
		{75D826F3-6D2B-489D-8621-174F469A30BC}.Debug|Any CPU.Build.0 = Debug|Any CPU
		{75D826F3-6D2B-489D-8621-174F469A30BC}.Release|Any CPU.ActiveCfg = Release|Any CPU
		{75D826F3-6D2B-489D-8621-174F469A30BC}.Release|Any CPU.Build.0 = Release|Any CPU
	EndGlobalSection
	GlobalSection(SolutionProperties) = preSolution
		HideSolutionNode = FALSE
	EndGlobalSection
	GlobalSection(ExtensibilityGlobals) = postSolution
		SolutionGuid = {CEA785F7-52F8-41C5-BC7F-2EB4328C25E1}
	EndGlobalSection
EndGlobal
